// !$*UTF8*$!
{
	archiveVersion = 1;
	classes = {
	};
	objectVersion = 46;
	objects = {

/* Begin PBXBuildFile section */
		7CF761A219CDFB8400ABC8FC /* Foundation.framework in Frameworks */ = {isa = PBXBuildFile; fileRef = 7CF761A119CDFB8400ABC8FC /* Foundation.framework */; };
		7CF761A419CDFB8400ABC8FC /* CoreGraphics.framework in Frameworks */ = {isa = PBXBuildFile; fileRef = 7CF761A319CDFB8400ABC8FC /* CoreGraphics.framework */; };
		7CF761A619CDFB8400ABC8FC /* UIKit.framework in Frameworks */ = {isa = PBXBuildFile; fileRef = 7CF761A519CDFB8400ABC8FC /* UIKit.framework */; };
		7CF761AC19CDFB8400ABC8FC /* InfoPlist.strings in Resources */ = {isa = PBXBuildFile; fileRef = 7CF761AA19CDFB8400ABC8FC /* InfoPlist.strings */; };
		7CF761AE19CDFB8400ABC8FC /* main.m in Sources */ = {isa = PBXBuildFile; fileRef = 7CF761AD19CDFB8400ABC8FC /* main.m */; };
		7CF761B219CDFB8400ABC8FC /* AppDelegate.m in Sources */ = {isa = PBXBuildFile; fileRef = 7CF761B119CDFB8400ABC8FC /* AppDelegate.m */; };
		7CF761B519CDFB8400ABC8FC /* Main_iPhone.storyboard in Resources */ = {isa = PBXBuildFile; fileRef = 7CF761B319CDFB8400ABC8FC /* Main_iPhone.storyboard */; };
		7CF761B819CDFB8400ABC8FC /* Main_iPad.storyboard in Resources */ = {isa = PBXBuildFile; fileRef = 7CF761B619CDFB8400ABC8FC /* Main_iPad.storyboard */; };
		7CF761BB19CDFB8400ABC8FC /* ViewController.m in Sources */ = {isa = PBXBuildFile; fileRef = 7CF761BA19CDFB8400ABC8FC /* ViewController.m */; };
		7CF761BD19CDFB8400ABC8FC /* Images.xcassets in Resources */ = {isa = PBXBuildFile; fileRef = 7CF761BC19CDFB8400ABC8FC /* Images.xcassets */; };
		7CF761C419CDFB8400ABC8FC /* XCTest.framework in Frameworks */ = {isa = PBXBuildFile; fileRef = 7CF761C319CDFB8400ABC8FC /* XCTest.framework */; };
		7CF761C519CDFB8400ABC8FC /* Foundation.framework in Frameworks */ = {isa = PBXBuildFile; fileRef = 7CF761A119CDFB8400ABC8FC /* Foundation.framework */; };
		7CF761C619CDFB8400ABC8FC /* UIKit.framework in Frameworks */ = {isa = PBXBuildFile; fileRef = 7CF761A519CDFB8400ABC8FC /* UIKit.framework */; };
		7CF761CE19CDFB8400ABC8FC /* InfoPlist.strings in Resources */ = {isa = PBXBuildFile; fileRef = 7CF761CC19CDFB8400ABC8FC /* InfoPlist.strings */; };
		7CF761D019CDFB8400ABC8FC /* ToasterBeaconAppTests.m in Sources */ = {isa = PBXBuildFile; fileRef = 7CF761CF19CDFB8400ABC8FC /* ToasterBeaconAppTests.m */; };
/* End PBXBuildFile section */

/* Begin PBXContainerItemProxy section */
		7CF761C719CDFB8400ABC8FC /* PBXContainerItemProxy */ = {
			isa = PBXContainerItemProxy;
			containerPortal = 7CF7619619CDFB8400ABC8FC /* Project object */;
			proxyType = 1;
			remoteGlobalIDString = 7CF7619D19CDFB8400ABC8FC;
			remoteInfo = ToasterBeaconApp;
		};
/* End PBXContainerItemProxy section */

/* Begin PBXFileReference section */
		7CF7619E19CDFB8400ABC8FC /* ToasterBeaconApp.app */ = {isa = PBXFileReference; explicitFileType = wrapper.application; includeInIndex = 0; path = ToasterBeaconApp.app; sourceTree = BUILT_PRODUCTS_DIR; };
		7CF761A119CDFB8400ABC8FC /* Foundation.framework */ = {isa = PBXFileReference; lastKnownFileType = wrapper.framework; name = Foundation.framework; path = System/Library/Frameworks/Foundation.framework; sourceTree = SDKROOT; };
		7CF761A319CDFB8400ABC8FC /* CoreGraphics.framework */ = {isa = PBXFileReference; lastKnownFileType = wrapper.framework; name = CoreGraphics.framework; path = System/Library/Frameworks/CoreGraphics.framework; sourceTree = SDKROOT; };
		7CF761A519CDFB8400ABC8FC /* UIKit.framework */ = {isa = PBXFileReference; lastKnownFileType = wrapper.framework; name = UIKit.framework; path = System/Library/Frameworks/UIKit.framework; sourceTree = SDKROOT; };
		7CF761A919CDFB8400ABC8FC /* ToasterBeaconApp-Info.plist */ = {isa = PBXFileReference; lastKnownFileType = text.plist.xml; path = "ToasterBeaconApp-Info.plist"; sourceTree = "<group>"; };
		7CF761AB19CDFB8400ABC8FC /* en */ = {isa = PBXFileReference; lastKnownFileType = text.plist.strings; name = en; path = en.lproj/InfoPlist.strings; sourceTree = "<group>"; };
		7CF761AD19CDFB8400ABC8FC /* main.m */ = {isa = PBXFileReference; lastKnownFileType = sourcecode.c.objc; path = main.m; sourceTree = "<group>"; };
		7CF761AF19CDFB8400ABC8FC /* ToasterBeaconApp-Prefix.pch */ = {isa = PBXFileReference; lastKnownFileType = sourcecode.c.h; path = "ToasterBeaconApp-Prefix.pch"; sourceTree = "<group>"; };
		7CF761B019CDFB8400ABC8FC /* AppDelegate.h */ = {isa = PBXFileReference; lastKnownFileType = sourcecode.c.h; path = AppDelegate.h; sourceTree = "<group>"; };
		7CF761B119CDFB8400ABC8FC /* AppDelegate.m */ = {isa = PBXFileReference; lastKnownFileType = sourcecode.c.objc; path = AppDelegate.m; sourceTree = "<group>"; };
		7CF761B419CDFB8400ABC8FC /* Base */ = {isa = PBXFileReference; lastKnownFileType = file.storyboard; name = Base; path = Base.lproj/Main_iPhone.storyboard; sourceTree = "<group>"; };
		7CF761B719CDFB8400ABC8FC /* Base */ = {isa = PBXFileReference; lastKnownFileType = file.storyboard; name = Base; path = Base.lproj/Main_iPad.storyboard; sourceTree = "<group>"; };
		7CF761B919CDFB8400ABC8FC /* ViewController.h */ = {isa = PBXFileReference; lastKnownFileType = sourcecode.c.h; path = ViewController.h; sourceTree = "<group>"; };
		7CF761BA19CDFB8400ABC8FC /* ViewController.m */ = {isa = PBXFileReference; lastKnownFileType = sourcecode.c.objc; path = ViewController.m; sourceTree = "<group>"; };
		7CF761BC19CDFB8400ABC8FC /* Images.xcassets */ = {isa = PBXFileReference; lastKnownFileType = folder.assetcatalog; path = Images.xcassets; sourceTree = "<group>"; };
		7CF761C219CDFB8400ABC8FC /* ToasterBeaconAppTests.xctest */ = {isa = PBXFileReference; explicitFileType = wrapper.cfbundle; includeInIndex = 0; path = ToasterBeaconAppTests.xctest; sourceTree = BUILT_PRODUCTS_DIR; };
		7CF761C319CDFB8400ABC8FC /* XCTest.framework */ = {isa = PBXFileReference; lastKnownFileType = wrapper.framework; name = XCTest.framework; path = Library/Frameworks/XCTest.framework; sourceTree = DEVELOPER_DIR; };
		7CF761CB19CDFB8400ABC8FC /* ToasterBeaconAppTests-Info.plist */ = {isa = PBXFileReference; lastKnownFileType = text.plist.xml; path = "ToasterBeaconAppTests-Info.plist"; sourceTree = "<group>"; };
		7CF761CD19CDFB8400ABC8FC /* en */ = {isa = PBXFileReference; lastKnownFileType = text.plist.strings; name = en; path = en.lproj/InfoPlist.strings; sourceTree = "<group>"; };
		7CF761CF19CDFB8400ABC8FC /* ToasterBeaconAppTests.m */ = {isa = PBXFileReference; lastKnownFileType = sourcecode.c.objc; path = ToasterBeaconAppTests.m; sourceTree = "<group>"; };
/* End PBXFileReference section */

/* Begin PBXFrameworksBuildPhase section */
		7CF7619B19CDFB8400ABC8FC /* Frameworks */ = {
			isa = PBXFrameworksBuildPhase;
			buildActionMask = 2147483647;
			files = (
				7CF761A419CDFB8400ABC8FC /* CoreGraphics.framework in Frameworks */,
				7CF761A619CDFB8400ABC8FC /* UIKit.framework in Frameworks */,
				7CF761A219CDFB8400ABC8FC /* Foundation.framework in Frameworks */,
			);
			runOnlyForDeploymentPostprocessing = 0;
		};
		7CF761BF19CDFB8400ABC8FC /* Frameworks */ = {
			isa = PBXFrameworksBuildPhase;
			buildActionMask = 2147483647;
			files = (
				7CF761C419CDFB8400ABC8FC /* XCTest.framework in Frameworks */,
				7CF761C619CDFB8400ABC8FC /* UIKit.framework in Frameworks */,
				7CF761C519CDFB8400ABC8FC /* Foundation.framework in Frameworks */,
			);
			runOnlyForDeploymentPostprocessing = 0;
		};
/* End PBXFrameworksBuildPhase section */

/* Begin PBXGroup section */
		7CF7619519CDFB8400ABC8FC = {
			isa = PBXGroup;
			children = (
				7CF761A719CDFB8400ABC8FC /* ToasterBeaconApp */,
				7CF761C919CDFB8400ABC8FC /* ToasterBeaconAppTests */,
				7CF761A019CDFB8400ABC8FC /* Frameworks */,
				7CF7619F19CDFB8400ABC8FC /* Products */,
			);
			sourceTree = "<group>";
		};
		7CF7619F19CDFB8400ABC8FC /* Products */ = {
			isa = PBXGroup;
			children = (
				7CF7619E19CDFB8400ABC8FC /* ToasterBeaconApp.app */,
				7CF761C219CDFB8400ABC8FC /* ToasterBeaconAppTests.xctest */,
			);
			name = Products;
			sourceTree = "<group>";
		};
		7CF761A019CDFB8400ABC8FC /* Frameworks */ = {
			isa = PBXGroup;
			children = (
				7CF761A119CDFB8400ABC8FC /* Foundation.framework */,
				7CF761A319CDFB8400ABC8FC /* CoreGraphics.framework */,
				7CF761A519CDFB8400ABC8FC /* UIKit.framework */,
				7CF761C319CDFB8400ABC8FC /* XCTest.framework */,
			);
			name = Frameworks;
			sourceTree = "<group>";
		};
		7CF761A719CDFB8400ABC8FC /* ToasterBeaconApp */ = {
			isa = PBXGroup;
			children = (
				7CF761B019CDFB8400ABC8FC /* AppDelegate.h */,
				7CF761B119CDFB8400ABC8FC /* AppDelegate.m */,
				7CF761B319CDFB8400ABC8FC /* Main_iPhone.storyboard */,
				7CF761B619CDFB8400ABC8FC /* Main_iPad.storyboard */,
				7CF761B919CDFB8400ABC8FC /* ViewController.h */,
				7CF761BA19CDFB8400ABC8FC /* ViewController.m */,
				7CF761BC19CDFB8400ABC8FC /* Images.xcassets */,
				7CF761A819CDFB8400ABC8FC /* Supporting Files */,
			);
			path = ToasterBeaconApp;
			sourceTree = "<group>";
		};
		7CF761A819CDFB8400ABC8FC /* Supporting Files */ = {
			isa = PBXGroup;
			children = (
				7CF761A919CDFB8400ABC8FC /* ToasterBeaconApp-Info.plist */,
				7CF761AA19CDFB8400ABC8FC /* InfoPlist.strings */,
				7CF761AD19CDFB8400ABC8FC /* main.m */,
				7CF761AF19CDFB8400ABC8FC /* ToasterBeaconApp-Prefix.pch */,
			);
			name = "Supporting Files";
			sourceTree = "<group>";
		};
		7CF761C919CDFB8400ABC8FC /* ToasterBeaconAppTests */ = {
			isa = PBXGroup;
			children = (
				7CF761CF19CDFB8400ABC8FC /* ToasterBeaconAppTests.m */,
				7CF761CA19CDFB8400ABC8FC /* Supporting Files */,
			);
			path = ToasterBeaconAppTests;
			sourceTree = "<group>";
		};
		7CF761CA19CDFB8400ABC8FC /* Supporting Files */ = {
			isa = PBXGroup;
			children = (
				7CF761CB19CDFB8400ABC8FC /* ToasterBeaconAppTests-Info.plist */,
				7CF761CC19CDFB8400ABC8FC /* InfoPlist.strings */,
			);
			name = "Supporting Files";
			sourceTree = "<group>";
		};
/* End PBXGroup section */

/* Begin PBXNativeTarget section */
		7CF7619D19CDFB8400ABC8FC /* ToasterBeaconApp */ = {
			isa = PBXNativeTarget;
			buildConfigurationList = 7CF761D319CDFB8400ABC8FC /* Build configuration list for PBXNativeTarget "ToasterBeaconApp" */;
			buildPhases = (
				7CF7619A19CDFB8400ABC8FC /* Sources */,
				7CF7619B19CDFB8400ABC8FC /* Frameworks */,
				7CF7619C19CDFB8400ABC8FC /* Resources */,
			);
			buildRules = (
			);
			dependencies = (
			);
			name = ToasterBeaconApp;
			productName = ToasterBeaconApp;
			productReference = 7CF7619E19CDFB8400ABC8FC /* ToasterBeaconApp.app */;
			productType = "com.apple.product-type.application";
		};
		7CF761C119CDFB8400ABC8FC /* ToasterBeaconAppTests */ = {
			isa = PBXNativeTarget;
			buildConfigurationList = 7CF761D619CDFB8400ABC8FC /* Build configuration list for PBXNativeTarget "ToasterBeaconAppTests" */;
			buildPhases = (
				7CF761BE19CDFB8400ABC8FC /* Sources */,
				7CF761BF19CDFB8400ABC8FC /* Frameworks */,
				7CF761C019CDFB8400ABC8FC /* Resources */,
			);
			buildRules = (
			);
			dependencies = (
				7CF761C819CDFB8400ABC8FC /* PBXTargetDependency */,
			);
			name = ToasterBeaconAppTests;
			productName = ToasterBeaconAppTests;
			productReference = 7CF761C219CDFB8400ABC8FC /* ToasterBeaconAppTests.xctest */;
			productType = "com.apple.product-type.bundle.unit-test";
		};
/* End PBXNativeTarget section */

/* Begin PBXProject section */
		7CF7619619CDFB8400ABC8FC /* Project object */ = {
			isa = PBXProject;
			attributes = {
				LastUpgradeCheck = 0510;
				ORGANIZATIONNAME = Homeease;
				TargetAttributes = {
					7CF761C119CDFB8400ABC8FC = {
						TestTargetID = 7CF7619D19CDFB8400ABC8FC;
					};
				};
			};
			buildConfigurationList = 7CF7619919CDFB8400ABC8FC /* Build configuration list for PBXProject "ToasterBeaconApp" */;
			compatibilityVersion = "Xcode 3.2";
			developmentRegion = English;
			hasScannedForEncodings = 0;
			knownRegions = (
				en,
				Base,
			);
			mainGroup = 7CF7619519CDFB8400ABC8FC;
			productRefGroup = 7CF7619F19CDFB8400ABC8FC /* Products */;
			projectDirPath = "";
			projectRoot = "";
			targets = (
				7CF7619D19CDFB8400ABC8FC /* ToasterBeaconApp */,
				7CF761C119CDFB8400ABC8FC /* ToasterBeaconAppTests */,
			);
		};
/* End PBXProject section */

/* Begin PBXResourcesBuildPhase section */
		7CF7619C19CDFB8400ABC8FC /* Resources */ = {
			isa = PBXResourcesBuildPhase;
			buildActionMask = 2147483647;
			files = (
				7CF761B819CDFB8400ABC8FC /* Main_iPad.storyboard in Resources */,
				7CF761BD19CDFB8400ABC8FC /* Images.xcassets in Resources */,
				7CF761B519CDFB8400ABC8FC /* Main_iPhone.storyboard in Resources */,
				7CF761AC19CDFB8400ABC8FC /* InfoPlist.strings in Resources */,
			);
			runOnlyForDeploymentPostprocessing = 0;
		};
		7CF761C019CDFB8400ABC8FC /* Resources */ = {
			isa = PBXResourcesBuildPhase;
			buildActionMask = 2147483647;
			files = (
				7CF761CE19CDFB8400ABC8FC /* InfoPlist.strings in Resources */,
			);
			runOnlyForDeploymentPostprocessing = 0;
		};
/* End PBXResourcesBuildPhase section */

/* Begin PBXSourcesBuildPhase section */
		7CF7619A19CDFB8400ABC8FC /* Sources */ = {
			isa = PBXSourcesBuildPhase;
			buildActionMask = 2147483647;
			files = (
				7CF761BB19CDFB8400ABC8FC /* ViewController.m in Sources */,
				7CF761B219CDFB8400ABC8FC /* AppDelegate.m in Sources */,
				7CF761AE19CDFB8400ABC8FC /* main.m in Sources */,
			);
			runOnlyForDeploymentPostprocessing = 0;
		};
		7CF761BE19CDFB8400ABC8FC /* Sources */ = {
			isa = PBXSourcesBuildPhase;
			buildActionMask = 2147483647;
			files = (
				7CF761D019CDFB8400ABC8FC /* ToasterBeaconAppTests.m in Sources */,
			);
			runOnlyForDeploymentPostprocessing = 0;
		};
/* End PBXSourcesBuildPhase section */

/* Begin PBXTargetDependency section */
		7CF761C819CDFB8400ABC8FC /* PBXTargetDependency */ = {
			isa = PBXTargetDependency;
			target = 7CF7619D19CDFB8400ABC8FC /* ToasterBeaconApp */;
			targetProxy = 7CF761C719CDFB8400ABC8FC /* PBXContainerItemProxy */;
		};
/* End PBXTargetDependency section */

/* Begin PBXVariantGroup section */
		7CF761AA19CDFB8400ABC8FC /* InfoPlist.strings */ = {
			isa = PBXVariantGroup;
			children = (
				7CF761AB19CDFB8400ABC8FC /* en */,
			);
			name = InfoPlist.strings;
			sourceTree = "<group>";
		};
		7CF761B319CDFB8400ABC8FC /* Main_iPhone.storyboard */ = {
			isa = PBXVariantGroup;
			children = (
				7CF761B419CDFB8400ABC8FC /* Base */,
			);
			name = Main_iPhone.storyboard;
			sourceTree = "<group>";
		};
		7CF761B619CDFB8400ABC8FC /* Main_iPad.storyboard */ = {
			isa = PBXVariantGroup;
			children = (
				7CF761B719CDFB8400ABC8FC /* Base */,
			);
			name = Main_iPad.storyboard;
			sourceTree = "<group>";
		};
		7CF761CC19CDFB8400ABC8FC /* InfoPlist.strings */ = {
			isa = PBXVariantGroup;
			children = (
				7CF761CD19CDFB8400ABC8FC /* en */,
			);
			name = InfoPlist.strings;
			sourceTree = "<group>";
		};
/* End PBXVariantGroup section */

/* Begin XCBuildConfiguration section */
		7CF761D119CDFB8400ABC8FC /* Debug */ = {
			isa = XCBuildConfiguration;
			buildSettings = {
				ALWAYS_SEARCH_USER_PATHS = NO;
				CLANG_CXX_LANGUAGE_STANDARD = "gnu++0x";
				CLANG_CXX_LIBRARY = "libc++";
				CLANG_ENABLE_MODULES = YES;
				CLANG_ENABLE_OBJC_ARC = YES;
				CLANG_WARN_BOOL_CONVERSION = YES;
				CLANG_WARN_CONSTANT_CONVERSION = YES;
				CLANG_WARN_DIRECT_OBJC_ISA_USAGE = YES_ERROR;
				CLANG_WARN_EMPTY_BODY = YES;
				CLANG_WARN_ENUM_CONVERSION = YES;
				CLANG_WARN_INT_CONVERSION = YES;
				CLANG_WARN_OBJC_ROOT_CLASS = YES_ERROR;
				CLANG_WARN__DUPLICATE_METHOD_MATCH = YES;
				"CODE_SIGN_IDENTITY[sdk=iphoneos*]" = "iPhone Developer";
				COPY_PHASE_STRIP = NO;
				GCC_C_LANGUAGE_STANDARD = gnu99;
				GCC_DYNAMIC_NO_PIC = NO;
				GCC_OPTIMIZATION_LEVEL = 0;
				GCC_PREPROCESSOR_DEFINITIONS = (
					"DEBUG=1",
					"$(inherited)",
				);
				GCC_SYMBOLS_PRIVATE_EXTERN = NO;
				GCC_WARN_64_TO_32_BIT_CONVERSION = YES;
				GCC_WARN_ABOUT_RETURN_TYPE = YES_ERROR;
				GCC_WARN_UNDECLARED_SELECTOR = YES;
				GCC_WARN_UNINITIALIZED_AUTOS = YES_AGGRESSIVE;
				GCC_WARN_UNUSED_FUNCTION = YES;
				GCC_WARN_UNUSED_VARIABLE = YES;
				IPHONEOS_DEPLOYMENT_TARGET = 7.1;
				ONLY_ACTIVE_ARCH = YES;
				SDKROOT = iphoneos;
				TARGETED_DEVICE_FAMILY = "1,2";
			};
			name = Debug;
		};
		7CF761D219CDFB8400ABC8FC /* Release */ = {
			isa = XCBuildConfiguration;
			buildSettings = {
				ALWAYS_SEARCH_USER_PATHS = NO;
				CLANG_CXX_LANGUAGE_STANDARD = "gnu++0x";
				CLANG_CXX_LIBRARY = "libc++";
				CLANG_ENABLE_MODULES = YES;
				CLANG_ENABLE_OBJC_ARC = YES;
				CLANG_WARN_BOOL_CONVERSION = YES;
				CLANG_WARN_CONSTANT_CONVERSION = YES;
				CLANG_WARN_DIRECT_OBJC_ISA_USAGE = YES_ERROR;
				CLANG_WARN_EMPTY_BODY = YES;
				CLANG_WARN_ENUM_CONVERSION = YES;
				CLANG_WARN_INT_CONVERSION = YES;
				CLANG_WARN_OBJC_ROOT_CLASS = YES_ERROR;
				CLANG_WARN__DUPLICATE_METHOD_MATCH = YES;
				"CODE_SIGN_IDENTITY[sdk=iphoneos*]" = "iPhone Developer";
				COPY_PHASE_STRIP = YES;
				ENABLE_NS_ASSERTIONS = NO;
				GCC_C_LANGUAGE_STANDARD = gnu99;
				GCC_WARN_64_TO_32_BIT_CONVERSION = YES;
				GCC_WARN_ABOUT_RETURN_TYPE = YES_ERROR;
				GCC_WARN_UNDECLARED_SELECTOR = YES;
				GCC_WARN_UNINITIALIZED_AUTOS = YES_AGGRESSIVE;
				GCC_WARN_UNUSED_FUNCTION = YES;
				GCC_WARN_UNUSED_VARIABLE = YES;
				IPHONEOS_DEPLOYMENT_TARGET = 7.1;
				SDKROOT = iphoneos;
				TARGETED_DEVICE_FAMILY = "1,2";
				VALIDATE_PRODUCT = YES;
			};
			name = Release;
		};
		7CF761D419CDFB8400ABC8FC /* Debug */ = {
			isa = XCBuildConfiguration;
			buildSettings = {
				ASSETCATALOG_COMPILER_APPICON_NAME = AppIcon;
				ASSETCATALOG_COMPILER_LAUNCHIMAGE_NAME = LaunchImage;
				GCC_PRECOMPILE_PREFIX_HEADER = YES;
				GCC_PREFIX_HEADER = "ToasterBeaconApp/ToasterBeaconApp-Prefix.pch";
				INFOPLIST_FILE = "ToasterBeaconApp/ToasterBeaconApp-Info.plist";
				PRODUCT_NAME = "$(TARGET_NAME)";
				WRAPPER_EXTENSION = app;
			};
			name = Debug;
		};
		7CF761D519CDFB8400ABC8FC /* Release */ = {
			isa = XCBuildConfiguration;
			buildSettings = {
				ASSETCATALOG_COMPILER_APPICON_NAME = AppIcon;
				ASSETCATALOG_COMPILER_LAUNCHIMAGE_NAME = LaunchImage;
				GCC_PRECOMPILE_PREFIX_HEADER = YES;
				GCC_PREFIX_HEADER = "ToasterBeaconApp/ToasterBeaconApp-Prefix.pch";
				INFOPLIST_FILE = "ToasterBeaconApp/ToasterBeaconApp-Info.plist";
				PRODUCT_NAME = "$(TARGET_NAME)";
				WRAPPER_EXTENSION = app;
			};
			name = Release;
		};
		7CF761D719CDFB8400ABC8FC /* Debug */ = {
			isa = XCBuildConfiguration;
			buildSettings = {
				BUNDLE_LOADER = "$(BUILT_PRODUCTS_DIR)/ToasterBeaconApp.app/ToasterBeaconApp";
				FRAMEWORK_SEARCH_PATHS = (
					"$(SDKROOT)/Developer/Library/Frameworks",
					"$(inherited)",
					"$(DEVELOPER_FRAMEWORKS_DIR)",
				);
				GCC_PRECOMPILE_PREFIX_HEADER = YES;
				GCC_PREFIX_HEADER = "ToasterBeaconApp/ToasterBeaconApp-Prefix.pch";
				GCC_PREPROCESSOR_DEFINITIONS = (
					"DEBUG=1",
					"$(inherited)",
				);
				INFOPLIST_FILE = "ToasterBeaconAppTests/ToasterBeaconAppTests-Info.plist";
				PRODUCT_NAME = "$(TARGET_NAME)";
				TEST_HOST = "$(BUNDLE_LOADER)";
				WRAPPER_EXTENSION = xctest;
			};
			name = Debug;
		};
		7CF761D819CDFB8400ABC8FC /* Release */ = {
			isa = XCBuildConfiguration;
			buildSettings = {
				BUNDLE_LOADER = "$(BUILT_PRODUCTS_DIR)/ToasterBeaconApp.app/ToasterBeaconApp";
				FRAMEWORK_SEARCH_PATHS = (
					"$(SDKROOT)/Developer/Library/Frameworks",
					"$(inherited)",
					"$(DEVELOPER_FRAMEWORKS_DIR)",
				);
				GCC_PRECOMPILE_PREFIX_HEADER = YES;
				GCC_PREFIX_HEADER = "ToasterBeaconApp/ToasterBeaconApp-Prefix.pch";
				INFOPLIST_FILE = "ToasterBeaconAppTests/ToasterBeaconAppTests-Info.plist";
				PRODUCT_NAME = "$(TARGET_NAME)";
				TEST_HOST = "$(BUNDLE_LOADER)";
				WRAPPER_EXTENSION = xctest;
			};
			name = Release;
		};
/* End XCBuildConfiguration section */

/* Begin XCConfigurationList section */
		7CF7619919CDFB8400ABC8FC /* Build configuration list for PBXProject "ToasterBeaconApp" */ = {
			isa = XCConfigurationList;
			buildConfigurations = (
				7CF761D119CDFB8400ABC8FC /* Debug */,
				7CF761D219CDFB8400ABC8FC /* Release */,
			);
			defaultConfigurationIsVisible = 0;
			defaultConfigurationName = Release;
		};
		7CF761D319CDFB8400ABC8FC /* Build configuration list for PBXNativeTarget "ToasterBeaconApp" */ = {
			isa = XCConfigurationList;
			buildConfigurations = (
				7CF761D419CDFB8400ABC8FC /* Debug */,
				7CF761D519CDFB8400ABC8FC /* Release */,
			);
			defaultConfigurationIsVisible = 0;
		};
		7CF761D619CDFB8400ABC8FC /* Build configuration list for PBXNativeTarget "ToasterBeaconAppTests" */ = {
			isa = XCConfigurationList;
			buildConfigurations = (
				7CF761D719CDFB8400ABC8FC /* Debug */,
				7CF761D819CDFB8400ABC8FC /* Release */,
			);
			defaultConfigurationIsVisible = 0;
		};
/* End XCConfigurationList section */
	};
	rootObject = 7CF7619619CDFB8400ABC8FC /* Project object */;
}
